{
  "name": "node-interception",
  "requires": true,
  "lockfileVersion": 1,
  "dependencies": {
    "async": {
      "version": "0.2.10",
      "resolved": "https://registry.npmjs.org/async/-/async-0.2.10.tgz",
      "integrity": "sha1-trvgsGdLnXGXCMo43owjfLUmw9E=",
      "dev": true
    },
    "concatenate-files": {
      "version": "0.1.1",
      "resolved": "https://registry.npmjs.org/concatenate-files/-/concatenate-files-0.1.1.tgz",
      "integrity": "sha1-E0IJedRPmWrEHoFYyjQ2FEo8rzE=",
      "dev": true,
      "requires": {
        "file-rw": "0.1.0",
        "lodash": "2.4.2"
      }
    },
    "file-rw": {
      "version": "0.1.0",
      "resolved": "https://registry.npmjs.org/file-rw/-/file-rw-0.1.0.tgz",
      "integrity": "sha1-DSQ44a6jeWMqhW5GWrA4eEP1Tfs=",
      "dev": true,
      "requires": {
        "async": "0.2.10",
        "lodash": "2.4.2",
        "mkdirp": "0.3.5"
      }
    },
    "lodash": {
      "version": "2.4.2",
      "resolved": "https://registry.npmjs.org/lodash/-/lodash-2.4.2.tgz",
      "integrity": "sha1-+t2DS5aDBz2hebPq5tnA0VBT9z4=",
      "dev": true
    },
    "mkdirp": {
      "version": "0.3.5",
      "resolved": "https://registry.npmjs.org/mkdirp/-/mkdirp-0.3.5.tgz",
      "integrity": "sha1-3j5fiWHIjHh+4TaN+EmsRBPsqNc=",
      "dev": true
    },
    "nan": {
      "version": "2.6.2",
      "resolved": "https://registry.npmjs.org/nan/-/nan-2.6.2.tgz",
      "integrity": "sha1-5P805slf37WuzAjeZZb0NgWn20U="
    }
  }
}
